
Microsoft Visual Studio Solution File, Format Version 12.00
# Visual Studio Version 16
VisualStudioVersion = 16.0.30104.148
MinimumVisualStudioVersion = 10.0.40219.1
Project("{FAE04EC0-301F-11D3-BF4B-00C04F79EFBC}") = "Server", "Server.csproj", "{FDCEC0C1-A016-4928-851A-664D9F8B7B1B}"
EndProject
Global
	GlobalSection(SolutionConfigurationPlatforms) = preSolution
		Debug|Any CPU = Debug|Any CPU
		Release|Any CPU = Release|Any CPU
	EndGlobalSection
	GlobalSection(ProjectConfigurationPlatforms) = postSolution
		{FDCEC0C1-A016-4928-851A-664D9F8B7B1B}.Debug|Any CPU.ActiveCfg = Debug|Any CPU
		{FDCEC0C1-A016-4928-851A-664D9F8B7B1B}.Debug|Any CPU.Build.0 = Debug|Any CPU
		{FDCEC0C1-A016-4928-851A-664D9F8B7B1B}.Release|Any CPU.ActiveCfg = Release|Any CPU
		{FDCEC0C1-A016-4928-851A-664D9F8B7B1B}.Release|Any CPU.Build.0 = Release|Any CPU
	EndGlobalSection
	GlobalSection(SolutionProperties) = preSolution
		HideSolutionNode = FALSE
	EndGlobalSection
	GlobalSection(ExtensibilityGlobals) = postSolution
		SolutionGuid = {8517BCFF-41F0-465E-AFBB-D5A85DB92A27}
	EndGlobalSection
EndGlobal
